
Microsoft Visual Studio Solution File, Format Version 12.00
# Visual Studio Version 16
VisualStudioVersion = 16.0.30717.126
MinimumVisualStudioVersion = 10.0.40219.1
Project("{9A19103F-16F7-4668-BE54-9A1E7A4F7556}") = "PaylocityChallenge.Api", "PaylocityChallenge.Api\PaylocityChallenge.Api.csproj", "{FB3DAE56-CFBA-47E1-B17F-12E53E8DE730}"
	ProjectSection(ProjectDependencies) = postProject
		{BE12B080-7916-4A6A-B66F-F0E806AA17A5} = {BE12B080-7916-4A6A-B66F-F0E806AA17A5}
	EndProjectSection
EndProject
Project("{9A19103F-16F7-4668-BE54-9A1E7A4F7556}") = "PaylocityChallenge.Core", "PaylocityChallenge.Core\PaylocityChallenge.Core.csproj", "{F35A7ACB-D35A-4740-9DB9-555C7A229789}"
EndProject
Project("{9A19103F-16F7-4668-BE54-9A1E7A4F7556}") = "PaylocityChallenge.Infrastructure", "PaylocityChallenge.Infrastructure\PaylocityChallenge.Infrastructure.csproj", "{BE12B080-7916-4A6A-B66F-F0E806AA17A5}"
EndProject
Project("{FAE04EC0-301F-11D3-BF4B-00C04F79EFBC}") = "PaylocityChallenge.Tests", "PaylocityChallenge.Tests\PaylocityChallenge.Tests.csproj", "{B5F809C9-B994-455D-8BAB-178E8F978558}"
EndProject
Global
	GlobalSection(SolutionConfigurationPlatforms) = preSolution
		Debug|Any CPU = Debug|Any CPU
		Release|Any CPU = Release|Any CPU
	EndGlobalSection
	GlobalSection(ProjectConfigurationPlatforms) = postSolution
		{FB3DAE56-CFBA-47E1-B17F-12E53E8DE730}.Debug|Any CPU.ActiveCfg = Debug|Any CPU
		{FB3DAE56-CFBA-47E1-B17F-12E53E8DE730}.Debug|Any CPU.Build.0 = Debug|Any CPU
		{FB3DAE56-CFBA-47E1-B17F-12E53E8DE730}.Release|Any CPU.ActiveCfg = Release|Any CPU
		{FB3DAE56-CFBA-47E1-B17F-12E53E8DE730}.Release|Any CPU.Build.0 = Release|Any CPU
		{F35A7ACB-D35A-4740-9DB9-555C7A229789}.Debug|Any CPU.ActiveCfg = Debug|Any CPU
		{F35A7ACB-D35A-4740-9DB9-555C7A229789}.Debug|Any CPU.Build.0 = Debug|Any CPU
		{F35A7ACB-D35A-4740-9DB9-555C7A229789}.Release|Any CPU.ActiveCfg = Release|Any CPU
		{F35A7ACB-D35A-4740-9DB9-555C7A229789}.Release|Any CPU.Build.0 = Release|Any CPU
		{BE12B080-7916-4A6A-B66F-F0E806AA17A5}.Debug|Any CPU.ActiveCfg = Debug|Any CPU
		{BE12B080-7916-4A6A-B66F-F0E806AA17A5}.Debug|Any CPU.Build.0 = Debug|Any CPU
		{BE12B080-7916-4A6A-B66F-F0E806AA17A5}.Release|Any CPU.ActiveCfg = Release|Any CPU
		{BE12B080-7916-4A6A-B66F-F0E806AA17A5}.Release|Any CPU.Build.0 = Release|Any CPU
		{B5F809C9-B994-455D-8BAB-178E8F978558}.Debug|Any CPU.ActiveCfg = Debug|Any CPU
		{B5F809C9-B994-455D-8BAB-178E8F978558}.Debug|Any CPU.Build.0 = Debug|Any CPU
		{B5F809C9-B994-455D-8BAB-178E8F978558}.Release|Any CPU.ActiveCfg = Release|Any CPU
		{B5F809C9-B994-455D-8BAB-178E8F978558}.Release|Any CPU.Build.0 = Release|Any CPU
	EndGlobalSection
	GlobalSection(SolutionProperties) = preSolution
		HideSolutionNode = FALSE
	EndGlobalSection
	GlobalSection(ExtensibilityGlobals) = postSolution
		SolutionGuid = {40EE7AA3-5661-45C3-A342-9E3D4824259B}
	EndGlobalSection
EndGlobal
